
Microsoft Visual Studio Solution File, Format Version 12.00
# Visual Studio 2013
VisualStudioVersion = 12.0.40629.0
MinimumVisualStudioVersion = 10.0.40219.1
Project("{FAE04EC0-301F-11D3-BF4B-00C04F79EFBC}") = "EGovernment", "EGovernment\EGovernment.csproj", "{A551495F-1DFA-4772-BD22-FA4FAF1AFED4}"
EndProject
Global
	GlobalSection(SolutionConfigurationPlatforms) = preSolution
		Debug|Any CPU = Debug|Any CPU
		Release|Any CPU = Release|Any CPU
	EndGlobalSection
	GlobalSection(ProjectConfigurationPlatforms) = postSolution
		{A551495F-1DFA-4772-BD22-FA4FAF1AFED4}.Debug|Any CPU.ActiveCfg = Debug|Any CPU
		{A551495F-1DFA-4772-BD22-FA4FAF1AFED4}.Debug|Any CPU.Build.0 = Debug|Any CPU
		{A551495F-1DFA-4772-BD22-FA4FAF1AFED4}.Release|Any CPU.ActiveCfg = Release|Any CPU
		{A551495F-1DFA-4772-BD22-FA4FAF1AFED4}.Release|Any CPU.Build.0 = Release|Any CPU
	EndGlobalSection
	GlobalSection(SolutionProperties) = preSolution
		HideSolutionNode = FALSE
	EndGlobalSection
EndGlobal
